
Microsoft Visual Studio Solution File, Format Version 12.00
# Visual Studio 14
VisualStudioVersion = 14.0.23107.0
MinimumVisualStudioVersion = 10.0.40219.1
Project("{FAE04EC0-301F-11D3-BF4B-00C04F79EFBC}") = "DevOpsDemoPrj01", "DevOpsDemoPrj01\DevOpsDemoPrj01.csproj", "{8B295188-40DD-4F25-BA77-5CAC8B80A747}"
EndProject
Project("{FAE04EC0-301F-11D3-BF4B-00C04F79EFBC}") = "DevOpesDemoTests01", "DevOpesDemoTests01\DevOpesDemoTests01.csproj", "{516869F7-9F37-4C3B-9DCF-18235CBF0492}"
EndProject
Global
	GlobalSection(SolutionConfigurationPlatforms) = preSolution
		Debug|Any CPU = Debug|Any CPU
		Release|Any CPU = Release|Any CPU
	EndGlobalSection
	GlobalSection(ProjectConfigurationPlatforms) = postSolution
		{8B295188-40DD-4F25-BA77-5CAC8B80A747}.Debug|Any CPU.ActiveCfg = Debug|Any CPU
		{8B295188-40DD-4F25-BA77-5CAC8B80A747}.Debug|Any CPU.Build.0 = Debug|Any CPU
		{8B295188-40DD-4F25-BA77-5CAC8B80A747}.Release|Any CPU.ActiveCfg = Release|Any CPU
		{8B295188-40DD-4F25-BA77-5CAC8B80A747}.Release|Any CPU.Build.0 = Release|Any CPU
		{516869F7-9F37-4C3B-9DCF-18235CBF0492}.Debug|Any CPU.ActiveCfg = Debug|Any CPU
		{516869F7-9F37-4C3B-9DCF-18235CBF0492}.Debug|Any CPU.Build.0 = Debug|Any CPU
		{516869F7-9F37-4C3B-9DCF-18235CBF0492}.Release|Any CPU.ActiveCfg = Release|Any CPU
		{516869F7-9F37-4C3B-9DCF-18235CBF0492}.Release|Any CPU.Build.0 = Release|Any CPU
	EndGlobalSection
	GlobalSection(SolutionProperties) = preSolution
		HideSolutionNode = FALSE
	EndGlobalSection
EndGlobal
